
Microsoft Visual Studio Solution File, Format Version 12.00
# Visual Studio Version 16
VisualStudioVersion = 16.0.30611.23
MinimumVisualStudioVersion = 10.0.40219.1
Project("{FAE04EC0-301F-11D3-BF4B-00C04F79EFBC}") = "TheWardrobe", "TheWardrobe\TheWardrobe.csproj", "{F7CC8A1D-B786-49D7-8FAF-5BEC21210EB4}"
EndProject
Global
	GlobalSection(SolutionConfigurationPlatforms) = preSolution
		Debug|Any CPU = Debug|Any CPU
		Release|Any CPU = Release|Any CPU
	EndGlobalSection
	GlobalSection(ProjectConfigurationPlatforms) = postSolution
		{F7CC8A1D-B786-49D7-8FAF-5BEC21210EB4}.Debug|Any CPU.ActiveCfg = Debug|Any CPU
		{F7CC8A1D-B786-49D7-8FAF-5BEC21210EB4}.Debug|Any CPU.Build.0 = Debug|Any CPU
		{F7CC8A1D-B786-49D7-8FAF-5BEC21210EB4}.Release|Any CPU.ActiveCfg = Release|Any CPU
		{F7CC8A1D-B786-49D7-8FAF-5BEC21210EB4}.Release|Any CPU.Build.0 = Release|Any CPU
	EndGlobalSection
	GlobalSection(SolutionProperties) = preSolution
		HideSolutionNode = FALSE
	EndGlobalSection
	GlobalSection(ExtensibilityGlobals) = postSolution
		SolutionGuid = {BC34F430-4FA0-4969-AA7F-E48D98D52C33}
	EndGlobalSection
EndGlobal
